
Microsoft Visual Studio Solution File, Format Version 12.00
# Visual Studio 2012
Project("{FAE04EC0-301F-11D3-BF4B-00C04F79EFBC}") = "MsDnsZoneManager", "MsDnsZoneManager.csproj", "{B7F555E5-293C-424B-BF4E-9A829C782C6B}"
EndProject
Project("{FAE04EC0-301F-11D3-BF4B-00C04F79EFBC}") = "usage", "..\usage\usage.csproj", "{3DFDB7E1-FEEF-4FD9-A599-C0CCC4CC03A3}"
EndProject
Global
	GlobalSection(SolutionConfigurationPlatforms) = preSolution
		Debug|Any CPU = Debug|Any CPU
		Release|Any CPU = Release|Any CPU
	EndGlobalSection
	GlobalSection(ProjectConfigurationPlatforms) = postSolution
		{B7F555E5-293C-424B-BF4E-9A829C782C6B}.Debug|Any CPU.ActiveCfg = Debug|Any CPU
		{B7F555E5-293C-424B-BF4E-9A829C782C6B}.Debug|Any CPU.Build.0 = Debug|Any CPU
		{B7F555E5-293C-424B-BF4E-9A829C782C6B}.Release|Any CPU.ActiveCfg = Release|Any CPU
		{B7F555E5-293C-424B-BF4E-9A829C782C6B}.Release|Any CPU.Build.0 = Release|Any CPU
		{3DFDB7E1-FEEF-4FD9-A599-C0CCC4CC03A3}.Debug|Any CPU.ActiveCfg = Debug|Any CPU
		{3DFDB7E1-FEEF-4FD9-A599-C0CCC4CC03A3}.Debug|Any CPU.Build.0 = Debug|Any CPU
		{3DFDB7E1-FEEF-4FD9-A599-C0CCC4CC03A3}.Release|Any CPU.ActiveCfg = Release|Any CPU
		{3DFDB7E1-FEEF-4FD9-A599-C0CCC4CC03A3}.Release|Any CPU.Build.0 = Release|Any CPU
	EndGlobalSection
	GlobalSection(SolutionProperties) = preSolution
		HideSolutionNode = FALSE
	EndGlobalSection
EndGlobal
